
Microsoft Visual Studio Solution File, Format Version 12.00
# Visual Studio Version 16
VisualStudioVersion = 16.0.31321.278
MinimumVisualStudioVersion = 10.0.40219.1
Project("{FAE04EC0-301F-11D3-BF4B-00C04F79EFBC}") = "MeterReadingApi", "MeterReadingApi\MeterReadingApi.csproj", "{63D01406-31F1-4986-8DCE-5D36E1BDD1AF}"
EndProject
Project("{FAE04EC0-301F-11D3-BF4B-00C04F79EFBC}") = "MeterReading.Service", "MeterReading.Service\MeterReading.Service.csproj", "{8A74519A-DB18-4FC5-A897-A9668DACBC1A}"
EndProject
Project("{FAE04EC0-301F-11D3-BF4B-00C04F79EFBC}") = "MeterReading.Data", "MeterReading.Data\MeterReading.Data.csproj", "{38D92605-AB33-4032-B456-12F3EC45B11D}"
EndProject
Global
	GlobalSection(SolutionConfigurationPlatforms) = preSolution
		Debug|Any CPU = Debug|Any CPU
		Release|Any CPU = Release|Any CPU
	EndGlobalSection
	GlobalSection(ProjectConfigurationPlatforms) = postSolution
		{63D01406-31F1-4986-8DCE-5D36E1BDD1AF}.Debug|Any CPU.ActiveCfg = Debug|Any CPU
		{63D01406-31F1-4986-8DCE-5D36E1BDD1AF}.Debug|Any CPU.Build.0 = Debug|Any CPU
		{63D01406-31F1-4986-8DCE-5D36E1BDD1AF}.Release|Any CPU.ActiveCfg = Release|Any CPU
		{63D01406-31F1-4986-8DCE-5D36E1BDD1AF}.Release|Any CPU.Build.0 = Release|Any CPU
		{8A74519A-DB18-4FC5-A897-A9668DACBC1A}.Debug|Any CPU.ActiveCfg = Debug|Any CPU
		{8A74519A-DB18-4FC5-A897-A9668DACBC1A}.Debug|Any CPU.Build.0 = Debug|Any CPU
		{8A74519A-DB18-4FC5-A897-A9668DACBC1A}.Release|Any CPU.ActiveCfg = Release|Any CPU
		{8A74519A-DB18-4FC5-A897-A9668DACBC1A}.Release|Any CPU.Build.0 = Release|Any CPU
		{38D92605-AB33-4032-B456-12F3EC45B11D}.Debug|Any CPU.ActiveCfg = Debug|Any CPU
		{38D92605-AB33-4032-B456-12F3EC45B11D}.Debug|Any CPU.Build.0 = Debug|Any CPU
		{38D92605-AB33-4032-B456-12F3EC45B11D}.Release|Any CPU.ActiveCfg = Release|Any CPU
		{38D92605-AB33-4032-B456-12F3EC45B11D}.Release|Any CPU.Build.0 = Release|Any CPU
	EndGlobalSection
	GlobalSection(SolutionProperties) = preSolution
		HideSolutionNode = FALSE
	EndGlobalSection
	GlobalSection(ExtensibilityGlobals) = postSolution
		SolutionGuid = {7DBB558C-1E3C-463F-99E8-277241E91563}
	EndGlobalSection
EndGlobal
